
Microsoft Visual Studio Solution File, Format Version 12.00
Project("{2150E333-8FDC-42A3-9474-1A3956D46DE8}") = "BuildingBlocks", "BuildingBlocks", "{6773B240-8B21-4826-8761-842C248AA9FE}"
EndProject
Project("{FAE04EC0-301F-11D3-BF4B-00C04F79EFBC}") = "Axenta.BuildingBlocks", "src\backend\src\shared\Axenta.BuildingBlocks\Axenta.BuildingBlocks.csproj", "{00BA4B4B-60CE-4D4D-A4BA-C4FEEEA4A41D}"
EndProject
Project("{2150E333-8FDC-42A3-9474-1A3956D46DE8}") = "Services", "Services", "{8ED01A40-2B77-4E4B-967E-13C28034C781}"
EndProject
Project("{FAE04EC0-301F-11D3-BF4B-00C04F79EFBC}") = "Accounting.API", "src\backend\src\Services\Accounting\Accounting.API\Accounting.API.csproj", "{78A5AACF-2563-4496-B894-2884092BA97C}"
EndProject
Project("{2150E333-8FDC-42A3-9474-1A3956D46DE8}") = "Solution Items", "Solution Items", "{71AE1C9B-0FF0-46FC-B913-16DD07F0B2D1}"
	ProjectSection(SolutionItems) = preProject
		docker-compose.yml = docker-compose.yml
		docker-compose.override.yml = docker-compose.override.yml
	EndProjectSection
EndProject
Project("{2150E333-8FDC-42A3-9474-1A3956D46DE8}") = "Accounting", "Accounting", "{AC8C7099-4D1D-4E3C-A493-8559AF66DE4F}"
EndProject
Project("{FAE04EC0-301F-11D3-BF4B-00C04F79EFBC}") = "Accounting.Application", "src\backend\src\Services\Accounting\Accounting.Application\Accounting.Application.csproj", "{30FE562D-2C4C-499D-B978-7D857735FD02}"
EndProject
Project("{FAE04EC0-301F-11D3-BF4B-00C04F79EFBC}") = "Accounting.Domain", "src\backend\src\Services\Accounting\Accounting.Domain\Accounting.Domain.csproj", "{DC41256D-7718-447B-89CF-0250766A78AD}"
EndProject
Project("{FAE04EC0-301F-11D3-BF4B-00C04F79EFBC}") = "Accounting.Infrastructure", "src\backend\src\Services\Accounting\Accounting.Infrastructure\Accounting.Infrastructure.csproj", "{80D3FF63-0449-4254-9092-8DFF97E57764}"
EndProject
Project("{2150E333-8FDC-42A3-9474-1A3956D46DE8}") = "Test", "Test", "{964868A6-F151-46E3-80AF-A6084D50D6A1}"
EndProject
Project("{FAE04EC0-301F-11D3-BF4B-00C04F79EFBC}") = "Axenta.Tests", "src\backend\src\tests\Axenta.Tests\Axenta.Tests.csproj", "{9C813342-B340-43F3-A152-3511728788EA}"
EndProject
Project("{2150E333-8FDC-42A3-9474-1A3956D46DE8}") = "Reports", "Reports", "{80A9F8E7-B01C-4556-B406-CE3FE0151666}"
EndProject
Project("{FAE04EC0-301F-11D3-BF4B-00C04F79EFBC}") = "Reports.API", "src\backend\src\Services\Reports\Reports.API\Reports.API.csproj", "{4F9B737F-7109-4BC6-A2BF-E688F2C9EFF7}"
EndProject
Project("{FAE04EC0-301F-11D3-BF4B-00C04F79EFBC}") = "Axenta.BuildingBlocks.Messaging", "src\backend\src\shared\Axenta.BuildingBlocks.Messaging\Axenta.BuildingBlocks.Messaging.csproj", "{57464153-87B1-4DF2-8A46-5C7854E1A8EB}"
EndProject
Global
	GlobalSection(SolutionConfigurationPlatforms) = preSolution
		Debug|Any CPU = Debug|Any CPU
		Release|Any CPU = Release|Any CPU
	EndGlobalSection
	GlobalSection(NestedProjects) = preSolution
		{00BA4B4B-60CE-4D4D-A4BA-C4FEEEA4A41D} = {6773B240-8B21-4826-8761-842C248AA9FE}
		{AC8C7099-4D1D-4E3C-A493-8559AF66DE4F} = {8ED01A40-2B77-4E4B-967E-13C28034C781}
		{78A5AACF-2563-4496-B894-2884092BA97C} = {AC8C7099-4D1D-4E3C-A493-8559AF66DE4F}
		{30FE562D-2C4C-499D-B978-7D857735FD02} = {AC8C7099-4D1D-4E3C-A493-8559AF66DE4F}
		{DC41256D-7718-447B-89CF-0250766A78AD} = {AC8C7099-4D1D-4E3C-A493-8559AF66DE4F}
		{80D3FF63-0449-4254-9092-8DFF97E57764} = {AC8C7099-4D1D-4E3C-A493-8559AF66DE4F}
		{9C813342-B340-43F3-A152-3511728788EA} = {964868A6-F151-46E3-80AF-A6084D50D6A1}
		{80A9F8E7-B01C-4556-B406-CE3FE0151666} = {8ED01A40-2B77-4E4B-967E-13C28034C781}
		{4F9B737F-7109-4BC6-A2BF-E688F2C9EFF7} = {80A9F8E7-B01C-4556-B406-CE3FE0151666}
		{57464153-87B1-4DF2-8A46-5C7854E1A8EB} = {6773B240-8B21-4826-8761-842C248AA9FE}
	EndGlobalSection
	GlobalSection(ProjectConfigurationPlatforms) = postSolution
		{00BA4B4B-60CE-4D4D-A4BA-C4FEEEA4A41D}.Debug|Any CPU.ActiveCfg = Debug|Any CPU
		{00BA4B4B-60CE-4D4D-A4BA-C4FEEEA4A41D}.Debug|Any CPU.Build.0 = Debug|Any CPU
		{00BA4B4B-60CE-4D4D-A4BA-C4FEEEA4A41D}.Release|Any CPU.ActiveCfg = Release|Any CPU
		{00BA4B4B-60CE-4D4D-A4BA-C4FEEEA4A41D}.Release|Any CPU.Build.0 = Release|Any CPU
		{78A5AACF-2563-4496-B894-2884092BA97C}.Debug|Any CPU.ActiveCfg = Debug|Any CPU
		{78A5AACF-2563-4496-B894-2884092BA97C}.Debug|Any CPU.Build.0 = Debug|Any CPU
		{78A5AACF-2563-4496-B894-2884092BA97C}.Release|Any CPU.ActiveCfg = Release|Any CPU
		{78A5AACF-2563-4496-B894-2884092BA97C}.Release|Any CPU.Build.0 = Release|Any CPU
		{30FE562D-2C4C-499D-B978-7D857735FD02}.Debug|Any CPU.ActiveCfg = Debug|Any CPU
		{30FE562D-2C4C-499D-B978-7D857735FD02}.Debug|Any CPU.Build.0 = Debug|Any CPU
		{30FE562D-2C4C-499D-B978-7D857735FD02}.Release|Any CPU.ActiveCfg = Release|Any CPU
		{30FE562D-2C4C-499D-B978-7D857735FD02}.Release|Any CPU.Build.0 = Release|Any CPU
		{DC41256D-7718-447B-89CF-0250766A78AD}.Debug|Any CPU.ActiveCfg = Debug|Any CPU
		{DC41256D-7718-447B-89CF-0250766A78AD}.Debug|Any CPU.Build.0 = Debug|Any CPU
		{DC41256D-7718-447B-89CF-0250766A78AD}.Release|Any CPU.ActiveCfg = Release|Any CPU
		{DC41256D-7718-447B-89CF-0250766A78AD}.Release|Any CPU.Build.0 = Release|Any CPU
		{80D3FF63-0449-4254-9092-8DFF97E57764}.Debug|Any CPU.ActiveCfg = Debug|Any CPU
		{80D3FF63-0449-4254-9092-8DFF97E57764}.Debug|Any CPU.Build.0 = Debug|Any CPU
		{80D3FF63-0449-4254-9092-8DFF97E57764}.Release|Any CPU.ActiveCfg = Release|Any CPU
		{80D3FF63-0449-4254-9092-8DFF97E57764}.Release|Any CPU.Build.0 = Release|Any CPU
		{9C813342-B340-43F3-A152-3511728788EA}.Debug|Any CPU.ActiveCfg = Debug|Any CPU
		{9C813342-B340-43F3-A152-3511728788EA}.Debug|Any CPU.Build.0 = Debug|Any CPU
		{9C813342-B340-43F3-A152-3511728788EA}.Release|Any CPU.ActiveCfg = Release|Any CPU
		{9C813342-B340-43F3-A152-3511728788EA}.Release|Any CPU.Build.0 = Release|Any CPU
		{4F9B737F-7109-4BC6-A2BF-E688F2C9EFF7}.Debug|Any CPU.ActiveCfg = Debug|Any CPU
		{4F9B737F-7109-4BC6-A2BF-E688F2C9EFF7}.Debug|Any CPU.Build.0 = Debug|Any CPU
		{4F9B737F-7109-4BC6-A2BF-E688F2C9EFF7}.Release|Any CPU.ActiveCfg = Release|Any CPU
		{4F9B737F-7109-4BC6-A2BF-E688F2C9EFF7}.Release|Any CPU.Build.0 = Release|Any CPU
		{57464153-87B1-4DF2-8A46-5C7854E1A8EB}.Debug|Any CPU.ActiveCfg = Debug|Any CPU
		{57464153-87B1-4DF2-8A46-5C7854E1A8EB}.Debug|Any CPU.Build.0 = Debug|Any CPU
		{57464153-87B1-4DF2-8A46-5C7854E1A8EB}.Release|Any CPU.ActiveCfg = Release|Any CPU
		{57464153-87B1-4DF2-8A46-5C7854E1A8EB}.Release|Any CPU.Build.0 = Release|Any CPU
	EndGlobalSection
EndGlobal
